PODS:
  - Firebase (1.1.7)
  - iOS-Slide-Menu (1.4.0)
  - JSQMessagesViewController (5.0.1):
    - JSQSystemSoundPlayer
  - JSQSystemSoundPlayer (1.5.0)

DEPENDENCIES:
  - Firebase (~> 1.1.7)
  - iOS-Slide-Menu (~> 1.4.0)
  - JSQMessagesViewController (~> 5.0.1)

SPEC CHECKSUMS:
  Firebase: 88d2a0f4c0c8f2d65a732bb2f7ec9b9c6e72876f
  iOS-Slide-Menu: 5b934ec1ad3e1c7d895ec47b7b1223af8ee03666
  JSQMessagesViewController: cbf2e75e2a08dab2e9eb6e571578a95517d6e73f
  JSQSystemSoundPlayer: 0e636d5fd51e071fb708a0fec04e3d05175d9d27

COCOAPODS: 0.33.1
